
Microsoft Visual Studio Solution File, Format Version 12.00
# Visual Studio Version 16
VisualStudioVersion = 16.0.30002.166
MinimumVisualStudioVersion = 10.0.40219.1
Project("{FAE04EC0-301F-11D3-BF4B-00C04F79EFBC}") = "NotaFinal", "NotaFinal\NotaFinal.csproj", "{F2135DB1-206D-47E3-8976-0B542854677C}"
EndProject
Global
	GlobalSection(SolutionConfigurationPlatforms) = preSolution
		Debug|Any CPU = Debug|Any CPU
		Release|Any CPU = Release|Any CPU
	EndGlobalSection
	GlobalSection(ProjectConfigurationPlatforms) = postSolution
		{F2135DB1-206D-47E3-8976-0B542854677C}.Debug|Any CPU.ActiveCfg = Debug|Any CPU
		{F2135DB1-206D-47E3-8976-0B542854677C}.Debug|Any CPU.Build.0 = Debug|Any CPU
		{F2135DB1-206D-47E3-8976-0B542854677C}.Release|Any CPU.ActiveCfg = Release|Any CPU
		{F2135DB1-206D-47E3-8976-0B542854677C}.Release|Any CPU.Build.0 = Release|Any CPU
	EndGlobalSection
	GlobalSection(SolutionProperties) = preSolution
		HideSolutionNode = FALSE
	EndGlobalSection
	GlobalSection(ExtensibilityGlobals) = postSolution
		SolutionGuid = {2CD53093-ADA2-4CAB-8DC0-0B1868EDCD1D}
	EndGlobalSection
EndGlobal
